{
  "version": 4,
  "terraform_version": "1.15.7",
  "serial": 7,
  "lineage": "17e104fb-91c1-12f2-4a95-edf9555062ce",
  "outputs": {
    "analytic_rules": {
      "value": {
        "lsass_memory_dump": "LSASS Memory Dump via ProcDump or comsvcs.dll (DET-00001)"
      },
      "type": [
        "object",
        {
          "lsass_memory_dump": "string"
        }
      ]
    },
    "resource_group_name": {
      "value": "rg-detection-as-code",
      "type": "string"
    },
    "sentinel_workspace_id": {
      "value": "/subscriptions/d72ebff3-a191-455c-a656-30eaf62dacb2/resourceGroups/rg-detection-as-code/providers/Microsoft.OperationalInsights/workspaces/law-detection-as-code/providers/Microsoft.SecurityInsights/onboardingStates/default",
      "type": "string"
    },
    "workspace_id": {
      "value": "/subscriptions/d72ebff3-a191-455c-a656-30eaf62dacb2/resourceGroups/rg-detection-as-code/providers/Microsoft.OperationalInsights/workspaces/law-detection-as-code",
      "type": "string"
    },
    "workspace_name": {
      "value": "law-detection-as-code",
      "type": "string"
    }
  },
  "resources": [
    {
      "mode": "managed",
      "type": "azurerm_log_analytics_workspace",
      "name": "dac",
      "provider": "provider[\"registry.terraform.io/hashicorp/azurerm\"]",
      "instances": [
        {
          "schema_version": 3,
          "attributes": {
            "allow_resource_only_permissions": true,
            "cmk_for_query_forced": false,
            "daily_quota_gb": -1,
            "data_collection_rule_id": "",
            "id": "/subscriptions/d72ebff3-a191-455c-a656-30eaf62dacb2/resourceGroups/rg-detection-as-code/providers/Microsoft.OperationalInsights/workspaces/law-detection-as-code",
            "identity": [],
            "immediate_data_purge_on_30_days_enabled": false,
            "internet_ingestion_enabled": true,
            "internet_query_enabled": true,
            "local_authentication_disabled": false,
            "location": "eastus",
            "name": "law-detection-as-code",
            "primary_shared_key": "wN4zoeWT0ibqFLtPBOdLlRd/ISEdMz9R4A4rdqZnoW+cfQM5dgVHeLfpaViBFp5NFieVprIsiyzpxVhz1qFRLg==",
            "reservation_capacity_in_gb_per_day": null,
            "resource_group_name": "rg-detection-as-code",
            "retention_in_days": 30,
            "secondary_shared_key": "Vhs7z8ycJmhC0l01mXsgJLOOODrjE0LHgvX5UFCIrBQLC5HQGWEgslnATBXu6ahgBtwWA39ucPmGGm2pxO8aVw==",
            "sku": "PerGB2018",
            "tags": {
              "environment": "dev",
              "managed_by": "terraform",
              "project": "detection-as-code"
            },
            "timeouts": null,
            "workspace_id": "6258e164-f505-41c8-bb75-6b4f032fe0a1"
          },
          "sensitive_attributes": [
            [
              {
                "type": "get_attr",
                "value": "primary_shared_key"
              }
            ],
            [
              {
                "type": "get_attr",
                "value": "secondary_shared_key"
              }
            ]
          ],
          "identity_schema_version": 0,
          "private": "eyJlMmJmYjczMC1lY2FhLTExZTYtOGY4OC0zNDM2M2JjN2M0YzAiOnsiY3JlYXRlIjoxODAwMDAwMDAwMDAwLCJkZWxldGUiOjE4MDAwMDAwMDAwMDAsInJlYWQiOjMwMDAwMDAwMDAwMCwidXBkYXRlIjoxODAwMDAwMDAwMDAwfSwic2NoZW1hX3ZlcnNpb24iOiIzIn0=",
          "dependencies": [
            "azurerm_resource_group.dac"
          ]
        }
      ]
    },
    {
      "mode": "managed",
      "type": "azurerm_resource_group",
      "name": "dac",
      "provider": "provider[\"registry.terraform.io/hashicorp/azurerm\"]",
      "instances": [
        {
          "schema_version": 0,
          "attributes": {
            "id": "/subscriptions/d72ebff3-a191-455c-a656-30eaf62dacb2/resourceGroups/rg-detection-as-code",
            "location": "eastus",
            "managed_by": "",
            "name": "rg-detection-as-code",
            "tags": {
              "environment": "dev",
              "managed_by": "terraform",
              "project": "detection-as-code"
            },
            "timeouts": null
          },
          "sensitive_attributes": [],
          "identity_schema_version": 0,
          "private": "eyJlMmJmYjczMC1lY2FhLTExZTYtOGY4OC0zNDM2M2JjN2M0YzAiOnsiY3JlYXRlIjo1NDAwMDAwMDAwMDAwLCJkZWxldGUiOjU0MDAwMDAwMDAwMDAsInJlYWQiOjMwMDAwMDAwMDAwMCwidXBkYXRlIjo1NDAwMDAwMDAwMDAwfX0="
        }
      ]
    },
    {
      "mode": "managed",
      "type": "azurerm_sentinel_alert_rule_scheduled",
      "name": "lsass_memory_dump_procdump",
      "provider": "provider[\"registry.terraform.io/hashicorp/azurerm\"]",
      "instances": [
        {
          "schema_version": 0,
          "attributes": {
            "alert_details_override": [
              {
                "description_format": "LSASS memory dump detected on {{DeviceName}} by {{AccountName}}",
                "display_name_format": "",
                "dynamic_property": [],
                "severity_column_name": "",
                "tactics_column_name": ""
              }
            ],
            "alert_rule_template_guid": "",
            "alert_rule_template_version": "",
            "custom_details": null,
            "description": "Detects memory dumping of LSASS process using ProcDump or comsvcs.dll MiniDump, common techniques for credential theft.",
            "display_name": "LSASS Memory Dump via ProcDump or comsvcs.dll (DET-00001)",
            "enabled": true,
            "entity_mapping": [],
            "event_grouping": [],
            "id": "/subscriptions/d72ebff3-a191-455c-a656-30eaf62dacb2/resourceGroups/rg-detection-as-code/providers/Microsoft.OperationalInsights/workspaces/law-detection-as-code/providers/Microsoft.SecurityInsights/alertRules/DET-00001-LSASS-Memory-Dump-via-ProcDump",
            "incident": [
              {
                "create_incident_enabled": true,
                "grouping": [
                  {
                    "by_alert_details": null,
                    "by_custom_details": null,
                    "by_entities": [
                      "Host"
                    ],
                    "enabled": true,
                    "entity_matching_method": "Selected",
                    "lookback_duration": "PT1H",
                    "reopen_closed_incidents": false
                  }
                ]
              }
            ],
            "incident_configuration": [
              {
                "create_incident": true,
                "grouping": [
                  {
                    "enabled": true,
                    "entity_matching_method": "Selected",
                    "group_by_alert_details": [],
                    "group_by_custom_details": [],
                    "group_by_entities": [
                      "Host"
                    ],
                    "lookback_duration": "PT1H",
                    "reopen_closed_incidents": false
                  }
                ]
              }
            ],
            "log_analytics_workspace_id": "/subscriptions/d72ebff3-a191-455c-a656-30eaf62dacb2/resourceGroups/rg-detection-as-code/providers/Microsoft.OperationalInsights/workspaces/law-detection-as-code",
            "name": "DET-00001-LSASS-Memory-Dump-via-ProcDump",
            "query": "// ────────────────────────────────────────────────\n// Rule:     LSASS Memory Dump via ProcDump or comsvcs.dll\n// ID:       DET-00001\n// Type:     detection\n// Severity: critical (Sentinel: High)\n// MITRE:    T1003.001\n// Author:   Detection Engineering Team\n// Created:  2024-01-15  Modified: 2024-01-15\n// Schedule: */5 * * * *  |  earliest: -10m  latest: now\n// ────────────────────────────────────────────────\n// Target:   Microsoft Sentinel (DeviceProcessEvents / MDE)\n// Deploy:   Sentinel Analytics Rules → Scheduled Query\n// ────────────────────────────────────────────────\n\nDeviceProcessEvents\n| where FileName in~ (\"procdump.exe\", \"procdump64.exe\")\n| where ProcessCommandLine contains \"lsass\"\n| where ProcessCommandLine contains \"-ma\"\n| where not (AccountName contains \"SYSTEM\" and InitiatingProcessFileName =~ \"mmc.exe\")\n| project TimeGenerated, DeviceName, AccountName, FolderPath,\n          ProcessCommandLine, InitiatingProcessFolderPath, InitiatingProcessCommandLine\n| extend\n    RuleName = \"LSASS Memory Dump via ProcDump or comsvcs.dll\",\n    RuleId = \"DET-00001\",\n    Severity = \"High\",\n    MitreTechnique = \"T1003.001\"\n| project\n    TimeGenerated,\n    RuleName,\n    RuleId,\n    Severity,\n    MitreTechnique,\n    DeviceName,\n    AccountName,\n    ProcessCommandLine,\n    FolderPath,\n    InitiatingProcessCommandLine,\n    InitiatingProcessFolderPath\n",
            "query_frequency": "PT5M",
            "query_period": "PT10M",
            "sentinel_entity_mapping": [],
            "severity": "High",
            "suppression_duration": "PT5H",
            "suppression_enabled": false,
            "tactics": [
              "CredentialAccess"
            ],
            "techniques": [
              "T1003"
            ],
            "timeouts": null,
            "trigger_operator": "GreaterThan",
            "trigger_threshold": 0
          },
          "sensitive_attributes": [],
          "identity_schema_version": 0,
          "private": "eyJlMmJmYjczMC1lY2FhLTExZTYtOGY4OC0zNDM2M2JjN2M0YzAiOnsiY3JlYXRlIjoxODAwMDAwMDAwMDAwLCJkZWxldGUiOjE4MDAwMDAwMDAwMDAsInJlYWQiOjMwMDAwMDAwMDAwMCwidXBkYXRlIjoxODAwMDAwMDAwMDAwfX0=",
          "dependencies": [
            "azurerm_log_analytics_workspace.dac",
            "azurerm_resource_group.dac",
            "azurerm_sentinel_log_analytics_workspace_onboarding.dac"
          ]
        }
      ]
    },
    {
      "mode": "managed",
      "type": "azurerm_sentinel_log_analytics_workspace_onboarding",
      "name": "dac",
      "provider": "provider[\"registry.terraform.io/hashicorp/azurerm\"]",
      "instances": [
        {
          "schema_version": 0,
          "attributes": {
            "customer_managed_key_enabled": false,
            "id": "/subscriptions/d72ebff3-a191-455c-a656-30eaf62dacb2/resourceGroups/rg-detection-as-code/providers/Microsoft.OperationalInsights/workspaces/law-detection-as-code/providers/Microsoft.SecurityInsights/onboardingStates/default",
            "resource_group_name": "rg-detection-as-code",
            "timeouts": null,
            "workspace_id": "/subscriptions/d72ebff3-a191-455c-a656-30eaf62dacb2/resourceGroups/rg-detection-as-code/providers/Microsoft.OperationalInsights/workspaces/law-detection-as-code",
            "workspace_name": "law-detection-as-code"
          },
          "sensitive_attributes": [],
          "identity_schema_version": 0,
          "private": "eyJlMmJmYjczMC1lY2FhLTExZTYtOGY4OC0zNDM2M2JjN2M0YzAiOnsiY3JlYXRlIjoxODAwMDAwMDAwMDAwLCJkZWxldGUiOjE4MDAwMDAwMDAwMDAsInJlYWQiOjMwMDAwMDAwMDAwMH19",
          "dependencies": [
            "azurerm_log_analytics_workspace.dac",
            "azurerm_resource_group.dac"
          ]
        }
      ]
    }
  ],
  "check_results": null
}
